{
  "name": "pdf-compressor-bench",
  "lockfileVersion": 3,
  "requires": true,
  "packages": {
    "": {
      "name": "pdf-compressor-bench",
      "dependencies": {
        "@jspawn/ghostscript-wasm": "^0.0.2",
        "pdfcpu-wasm": "^0.1.0"
      }
    },
    "node_modules/@jspawn/ghostscript-wasm": {
      "version": "0.0.2",
      "resolved": "https://registry.npmjs.org/@jspawn/ghostscript-wasm/-/ghostscript-wasm-0.0.2.tgz",
      "integrity": "sha512-IhGvfXNezc+V3jyJlmjz7oxrjWPqFPcz1gqRdo0Y7EkVyFuL1A+tCRnQXx/BHQZPRvBDA+Uf0EqkvXzfMzoDcw==",
      "license": "AGPL-3.0"
    },
    "node_modules/pdfcpu-wasm": {
      "version": "0.1.0",
      "resolved": "https://registry.npmjs.org/pdfcpu-wasm/-/pdfcpu-wasm-0.1.0.tgz",
      "integrity": "sha512-moth9ORNAiYVVXVochpcuKr2rPRUiFlCqcR0N+QsVKupwTS1DlgR7833+1jgxfj23ET89YUmze4GBQyrtehEUQ==",
      "license": "MIT"
    }
  }
}
